{
  "requires": true,
  "lockfileVersion": 1,
  "dependencies": {
    "axios": {
      "version": "0.21.1",
      "resolved": "https://registry.npm.taobao.org/axios/download/axios-0.21.1.tgz?cache=0&sync_timestamp=1608609419814&other_urls=https%3A%2F%2Fregistry.npm.taobao.org%2Faxios%2Fdownload%2Faxios-0.21.1.tgz",
      "integrity": "sha1-IlY0gZYvTWvemnbVFu8OXTwJsrg=",
      "requires": {
        "follow-redirects": "^1.10.0"
      }
    },
    "dom7": {
      "version": "2.1.5",
      "resolved": "https://registry.npmjs.org/dom7/-/dom7-2.1.5.tgz",
      "integrity": "sha512-xnhwVgyOh3eD++/XGtH+5qBwYTgCm0aW91GFgPJ3XG+jlsRLyJivnbP0QmUBFhI+Oaz9FV0s7cxgXHezwOEBYA==",
      "requires": {
        "ssr-window": "^2.0.0"
      },
      "dependencies": {
        "ssr-window": {
          "version": "2.0.0",
          "resolved": "https://registry.npmjs.org/ssr-window/-/ssr-window-2.0.0.tgz",
          "integrity": "sha512-NXzN+/HPObKAx191H3zKlYomE5WrVIkoCB5IaSdvKokxTpjBdWfr0RaP+1Z5KOfDT0ZVz+2tdtiBkhsEQ9p+0A=="
        }
      }
    },
    "follow-redirects": {
      "version": "1.13.2",
      "resolved": "https://registry.npm.taobao.org/follow-redirects/download/follow-redirects-1.13.2.tgz",
      "integrity": "sha1-3XPI7/wScoulz0JZ12DqX7g+MUc="
    },
    "js-cookie": {
      "version": "2.2.1",
      "resolved": "https://registry.npm.taobao.org/js-cookie/download/js-cookie-2.2.1.tgz",
      "integrity": "sha1-aeEG3F1YBolFYpAqpbrsN0Tpsrg="
    },
    "object-assign": {
      "version": "4.1.1",
      "resolved": "https://registry.npmjs.org/object-assign/-/object-assign-4.1.1.tgz",
      "integrity": "sha1-IQmtx5ZYh8/AXLvUQsrIv7s2CGM="
    },
    "ssr-window": {
      "version": "1.0.1",
      "resolved": "https://registry.npmjs.org/ssr-window/-/ssr-window-1.0.1.tgz",
      "integrity": "sha512-dgFqB+f00LJTEgb6UXhx0h+SrG50LJvti2yMKMqAgzfUmUXZrLSv2fjULF7AWGwK25EXu8+smLR3jYsJQChPsg=="
    },
    "swiper": {
      "version": "4.5.1",
      "resolved": "https://registry.npmjs.org/swiper/-/swiper-4.5.1.tgz",
      "integrity": "sha512-se6I7PWWu950NAMXXT+ENtF/6SVb8mPyO+bTfNxbQBILSeLqsYp3Ndap+YOA0EczOIUlea274PKejT6gKZDseA==",
      "requires": {
        "dom7": "^2.1.3",
        "ssr-window": "^1.0.1"
      }
    },
    "weixin-js-sdk": {
      "version": "1.6.0",
      "resolved": "https://registry.npmjs.org/weixin-js-sdk/-/weixin-js-sdk-1.6.0.tgz",
      "integrity": "sha512-3IYQH7aalJGFJrwdT3epvTdR1MboMiH7vIZ5BRL2eYOJ12BNah7csoMkmSZzkq1+l92sSq29XdTCVjCJoK2sBQ=="
    }
  }
}
